
Microsoft Visual Studio Solution File, Format Version 12.00
# Visual Studio 15
VisualStudioVersion = 15.0.27703.2035
MinimumVisualStudioVersion = 10.0.40219.1
Project("{FAE04EC0-301F-11D3-BF4B-00C04F79EFBC}") = "UI Form Kata", "UI Form Kata\UI Form Kata.csproj", "{6DF1A677-207F-4891-AC56-01C8FEEC6443}"
EndProject
Global
	GlobalSection(SolutionConfigurationPlatforms) = preSolution
		Debug|Any CPU = Debug|Any CPU
		Release|Any CPU = Release|Any CPU
	EndGlobalSection
	GlobalSection(ProjectConfigurationPlatforms) = postSolution
		{6DF1A677-207F-4891-AC56-01C8FEEC6443}.Debug|Any CPU.ActiveCfg = Debug|Any CPU
		{6DF1A677-207F-4891-AC56-01C8FEEC6443}.Debug|Any CPU.Build.0 = Debug|Any CPU
		{6DF1A677-207F-4891-AC56-01C8FEEC6443}.Release|Any CPU.ActiveCfg = Release|Any CPU
		{6DF1A677-207F-4891-AC56-01C8FEEC6443}.Release|Any CPU.Build.0 = Release|Any CPU
	EndGlobalSection
	GlobalSection(SolutionProperties) = preSolution
		HideSolutionNode = FALSE
	EndGlobalSection
	GlobalSection(ExtensibilityGlobals) = postSolution
		SolutionGuid = {62370C5F-B4A8-4A5A-88D0-EB251EE3DDC0}
	EndGlobalSection
EndGlobal
